<?xml version="1.0" encoding="utf-8"?>
<Project ToolsVersion="4.0" xmlns="http://schemas.microsoft.com/developer/msbuild/2003">
  <ItemGroup>
    <Filter Include="script">
      <UniqueIdentifier>{0be065a6-9534-4d7f-b251-c48d01477e98}</UniqueIdentifier>
    </Filter>
  </ItemGroup>
  <ItemGroup>
    <None Include="script\ChangeADParameters.ps1">
      <Filter>script</Filter>
    </None>
    <None Include="script\MountMailboxDatabase.ps1">
      <Filter>script</Filter>
    </None>
    <None Include="script\start.bat">
      <Filter>script</Filter>
    </None>
    <None Include="script\DismountMailboxDatabase.ps1">
      <Filter>script</Filter>
    </None>
    <None Include="script\stop.bat">
      <Filter>script</Filter>
    </None>
    <None Include="script\config.bat">
      <Filter>script</Filter>
    </None>
  </ItemGroup>
  <ItemGroup>
    <Text Include="README.txt" />
  </ItemGroup>
</Project>